
Microsoft Visual Studio Solution File, Format Version 12.00
# Visual Studio Version 17
VisualStudioVersion = 17.7.34221.43
MinimumVisualStudioVersion = 10.0.40219.1
Project("{FAE04EC0-301F-11D3-BF4B-00C04F79EFBC}") = "MembrosEstaticos2", "MembrosEstaticos2.csproj", "{F3C63BBC-A88C-42C2-8425-C8CFF5855001}"
EndProject
Global
	GlobalSection(SolutionConfigurationPlatforms) = preSolution
		Debug|Any CPU = Debug|Any CPU
		Release|Any CPU = Release|Any CPU
	EndGlobalSection
	GlobalSection(ProjectConfigurationPlatforms) = postSolution
		{F3C63BBC-A88C-42C2-8425-C8CFF5855001}.Debug|Any CPU.ActiveCfg = Debug|Any CPU
		{F3C63BBC-A88C-42C2-8425-C8CFF5855001}.Debug|Any CPU.Build.0 = Debug|Any CPU
		{F3C63BBC-A88C-42C2-8425-C8CFF5855001}.Release|Any CPU.ActiveCfg = Release|Any CPU
		{F3C63BBC-A88C-42C2-8425-C8CFF5855001}.Release|Any CPU.Build.0 = Release|Any CPU
	EndGlobalSection
	GlobalSection(SolutionProperties) = preSolution
		HideSolutionNode = FALSE
	EndGlobalSection
	GlobalSection(ExtensibilityGlobals) = postSolution
		SolutionGuid = {7BA34FC0-2B0D-404E-AC23-DDE9C55A536E}
	EndGlobalSection
EndGlobal
